
Microsoft Visual Studio Solution File, Format Version 12.00
# Visual Studio Version 17
VisualStudioVersion = 17.14.36623.8 d17.14
MinimumVisualStudioVersion = 10.0.40219.1
Project("{FAE04EC0-301F-11D3-BF4B-00C04F79EFBC}") = "final project - oop (gwen and kasunya)", "final project - oop (gwen and kasunya).csproj", "{B0884763-C785-4297-A5FB-19D4B76D80C2}"
EndProject
Global
	GlobalSection(SolutionConfigurationPlatforms) = preSolution
		Debug|Any CPU = Debug|Any CPU
		Release|Any CPU = Release|Any CPU
	EndGlobalSection
	GlobalSection(ProjectConfigurationPlatforms) = postSolution
		{B0884763-C785-4297-A5FB-19D4B76D80C2}.Debug|Any CPU.ActiveCfg = Debug|Any CPU
		{B0884763-C785-4297-A5FB-19D4B76D80C2}.Debug|Any CPU.Build.0 = Debug|Any CPU
		{B0884763-C785-4297-A5FB-19D4B76D80C2}.Release|Any CPU.ActiveCfg = Release|Any CPU
		{B0884763-C785-4297-A5FB-19D4B76D80C2}.Release|Any CPU.Build.0 = Release|Any CPU
	EndGlobalSection
	GlobalSection(SolutionProperties) = preSolution
		HideSolutionNode = FALSE
	EndGlobalSection
	GlobalSection(ExtensibilityGlobals) = postSolution
		SolutionGuid = {F15CBF6C-987C-4017-AFBB-9F9A0BDEF8BC}
	EndGlobalSection
EndGlobal
